
Microsoft Visual Studio Solution File, Format Version 12.00
# Visual Studio Version 17
VisualStudioVersion = 17.5.33516.290
MinimumVisualStudioVersion = 10.0.40219.1
Project("{FAE04EC0-301F-11D3-BF4B-00C04F79EFBC}") = "Anjo.Android.Razorpay", "Anjo.Android.Razorpay\Anjo.Android.Razorpay.csproj", "{7F62CB28-D93E-45F1-B611-32EE03C8C9BA}"
EndProject
Global
	GlobalSection(SolutionConfigurationPlatforms) = preSolution
		Debug|Any CPU = Debug|Any CPU
		Release|Any CPU = Release|Any CPU
	EndGlobalSection
	GlobalSection(ProjectConfigurationPlatforms) = postSolution
		{7F62CB28-D93E-45F1-B611-32EE03C8C9BA}.Debug|Any CPU.ActiveCfg = Debug|Any CPU
		{7F62CB28-D93E-45F1-B611-32EE03C8C9BA}.Debug|Any CPU.Build.0 = Debug|Any CPU
		{7F62CB28-D93E-45F1-B611-32EE03C8C9BA}.Release|Any CPU.ActiveCfg = Release|Any CPU
		{7F62CB28-D93E-45F1-B611-32EE03C8C9BA}.Release|Any CPU.Build.0 = Release|Any CPU
	EndGlobalSection
	GlobalSection(SolutionProperties) = preSolution
		HideSolutionNode = FALSE
	EndGlobalSection
	GlobalSection(ExtensibilityGlobals) = postSolution
		SolutionGuid = {08795372-27B3-4D96-90BE-F98389BF9460}
	EndGlobalSection
EndGlobal
